
Microsoft Visual Studio Solution File, Format Version 12.00
# Visual Studio Version 17
VisualStudioVersion = 17.6.33723.286
MinimumVisualStudioVersion = 10.0.40219.1
Project("{9A19103F-16F7-4668-BE54-9A1E7A4F7556}") = "DiplomskaNaloga", "DiplomskaNaloga\DiplomskaNaloga.csproj", "{8D3357F3-CE25-40ED-B493-91342D0594B7}"
EndProject
Project("{FAE04EC0-301F-11D3-BF4B-00C04F79EFBC}") = "Data", "Data\Data.csproj", "{7DDC686D-5ED7-48BE-A147-B67ABBCA4754}"
EndProject
Global
	GlobalSection(SolutionConfigurationPlatforms) = preSolution
		Debug|Any CPU = Debug|Any CPU
		Release|Any CPU = Release|Any CPU
	EndGlobalSection
	GlobalSection(ProjectConfigurationPlatforms) = postSolution
		{8D3357F3-CE25-40ED-B493-91342D0594B7}.Debug|Any CPU.ActiveCfg = Debug|Any CPU
		{8D3357F3-CE25-40ED-B493-91342D0594B7}.Debug|Any CPU.Build.0 = Debug|Any CPU
		{8D3357F3-CE25-40ED-B493-91342D0594B7}.Release|Any CPU.ActiveCfg = Release|Any CPU
		{8D3357F3-CE25-40ED-B493-91342D0594B7}.Release|Any CPU.Build.0 = Release|Any CPU
		{7DDC686D-5ED7-48BE-A147-B67ABBCA4754}.Debug|Any CPU.ActiveCfg = Debug|Any CPU
		{7DDC686D-5ED7-48BE-A147-B67ABBCA4754}.Debug|Any CPU.Build.0 = Debug|Any CPU
		{7DDC686D-5ED7-48BE-A147-B67ABBCA4754}.Release|Any CPU.ActiveCfg = Release|Any CPU
		{7DDC686D-5ED7-48BE-A147-B67ABBCA4754}.Release|Any CPU.Build.0 = Release|Any CPU
	EndGlobalSection
	GlobalSection(SolutionProperties) = preSolution
		HideSolutionNode = FALSE
	EndGlobalSection
	GlobalSection(ExtensibilityGlobals) = postSolution
		SolutionGuid = {3CCE6558-E482-4A4C-B07E-CA3DCB73ED25}
	EndGlobalSection
EndGlobal
